github.com/feykmeelyahoo/GoPrjs v0.0.0-20190301061354-4664d1870041 h1:DdLfznWadN1hULEQkVetcHS8yhZS8hRtadrulzk4Y+Y=
github.com/feykmeelyahoo/GoPrjs v0.0.0-20190301070439-d14542aee725 h1:j7Rh5hqwmjmK9x0TDl4em3chi71KI0zdkZpQixNfswM=
github.com/feykmeelyahoo/GoPrjs v0.0.1 h1:zfEyV4lV5BVmQeV7OB/YnPErNxPt7X6zz7TwsNbhOw4=
github.com/feykmeelyahoo/GoPrjs/submodules/b v0.0.0-20190301082756-3c48171662d6 h1:FMA+nHSS9aXbOGkJvcMNQ3FsTs+oZD109T7Sh8D3cAg=
github.com/feykmeelyahoo/GoPrjs/submodules/b v0.0.0-20190301082756-3c48171662d6/go.mod h1:3tRWe1kJh9ou7Gmt3ydxJoHpltZhtgyTejS3tHDP/bE=
