github.com/feykmeelyahoo/GoPrjs/submodules/b v0.0.0-20190301115329-817d8bc6848b h1:VDbGYjeaijyVc+x6WwBExePHrjcfmukwXwMg8bjYfgo=
github.com/feykmeelyahoo/GoPrjs/submodules/b v0.0.0-20190301115329-817d8bc6848b/go.mod h1:3tRWe1kJh9ou7Gmt3ydxJoHpltZhtgyTejS3tHDP/bE=
github.com/feykmeelyahoo/GoPrjs/submodules/b v0.0.0-20190301115744-a0e98c54c7f4 h1:qoKweYWSsUrgKFIVz/meR9yGzE4NRrrXm0KmTbPDI1s=
github.com/feykmeelyahoo/GoPrjs/submodules/b v0.0.0-20190301115744-a0e98c54c7f4/go.mod h1:FiltXwAPqHsROIYm7QFxjYq24Awb1IrYHKG1OnGa61s=
